// !$*UTF8*$!
{
	archiveVersion = 1;
	classes = {
	};
	objectVersion = 56;
	objects = {

/* Begin PBXBuildFile section */
		DD7FC1C229510BFA0089C18B /* AppDelegate.swift in Sources */ = {isa = PBXBuildFile; fileRef = DD7FC1C129510BFA0089C18B /* AppDelegate.swift */; };
		DD7FC1C429510BFA0089C18B /* SceneDelegate.swift in Sources */ = {isa = PBXBuildFile; fileRef = DD7FC1C329510BFA0089C18B /* SceneDelegate.swift */; };
		DD7FC1C629510BFA0089C18B /* NSTabViewController.swift in Sources */ = {isa = PBXBuildFile; fileRef = DD7FC1C529510BFA0089C18B /* NSTabViewController.swift */; };
		DD7FC1CB29510BFB0089C18B /* Assets.xcassets in Resources */ = {isa = PBXBuildFile; fileRef = DD7FC1CA29510BFB0089C18B /* Assets.xcassets */; };
		DD7FC1CE29510BFB0089C18B /* LaunchScreen.storyboard in Resources */ = {isa = PBXBuildFile; fileRef = DD7FC1CC29510BFB0089C18B /* LaunchScreen.storyboard */; };
		DD7FC1D729510CD10089C18B /* GameByDate.swift in Sources */ = {isa = PBXBuildFile; fileRef = DD7FC1D629510CD10089C18B /* GameByDate.swift */; };
		DD7FC1DC29560DCB0089C18B /* Standings.swift in Sources */ = {isa = PBXBuildFile; fileRef = DD7FC1DB29560DCB0089C18B /* Standings.swift */; };
		DD7FC1E0295FD30B0089C18B /* NSGameByDateViewController.swift in Sources */ = {isa = PBXBuildFile; fileRef = DD7FC1DF295FD30B0089C18B /* NSGameByDateViewController.swift */; };
		DD7FC1E2295FD31E0089C18B /* NSStandingsViewController.swift in Sources */ = {isa = PBXBuildFile; fileRef = DD7FC1E1295FD31E0089C18B /* NSStandingsViewController.swift */; };
		DD7FC1E4295FD3350089C18B /* NSSettingsViewController.swift in Sources */ = {isa = PBXBuildFile; fileRef = DD7FC1E3295FD3350089C18B /* NSSettingsViewController.swift */; };
/* End PBXBuildFile section */

/* Begin PBXFileReference section */
		DD7FC1BE29510BFA0089C18B /* NBAScores.app */ = {isa = PBXFileReference; explicitFileType = wrapper.application; includeInIndex = 0; path = NBAScores.app; sourceTree = BUILT_PRODUCTS_DIR; };
		DD7FC1C129510BFA0089C18B /* AppDelegate.swift */ = {isa = PBXFileReference; lastKnownFileType = sourcecode.swift; path = AppDelegate.swift; sourceTree = "<group>"; };
		DD7FC1C329510BFA0089C18B /* SceneDelegate.swift */ = {isa = PBXFileReference; lastKnownFileType = sourcecode.swift; path = SceneDelegate.swift; sourceTree = "<group>"; };
		DD7FC1C529510BFA0089C18B /* NSTabViewController.swift */ = {isa = PBXFileReference; lastKnownFileType = sourcecode.swift; path = NSTabViewController.swift; sourceTree = "<group>"; };
		DD7FC1CA29510BFB0089C18B /* Assets.xcassets */ = {isa = PBXFileReference; lastKnownFileType = folder.assetcatalog; path = Assets.xcassets; sourceTree = "<group>"; };
		DD7FC1CD29510BFB0089C18B /* Base */ = {isa = PBXFileReference; lastKnownFileType = file.storyboard; name = Base; path = Base.lproj/LaunchScreen.storyboard; sourceTree = "<group>"; };
		DD7FC1CF29510BFB0089C18B /* Info.plist */ = {isa = PBXFileReference; lastKnownFileType = text.plist.xml; path = Info.plist; sourceTree = "<group>"; };
		DD7FC1D629510CD10089C18B /* GameByDate.swift */ = {isa = PBXFileReference; lastKnownFileType = sourcecode.swift; path = GameByDate.swift; sourceTree = "<group>"; };
		DD7FC1DB29560DCB0089C18B /* Standings.swift */ = {isa = PBXFileReference; lastKnownFileType = sourcecode.swift; path = Standings.swift; sourceTree = "<group>"; };
		DD7FC1DF295FD30B0089C18B /* NSGameByDateViewController.swift */ = {isa = PBXFileReference; lastKnownFileType = sourcecode.swift; path = NSGameByDateViewController.swift; sourceTree = "<group>"; };
		DD7FC1E1295FD31E0089C18B /* NSStandingsViewController.swift */ = {isa = PBXFileReference; lastKnownFileType = sourcecode.swift; path = NSStandingsViewController.swift; sourceTree = "<group>"; };
		DD7FC1E3295FD3350089C18B /* NSSettingsViewController.swift */ = {isa = PBXFileReference; lastKnownFileType = sourcecode.swift; path = NSSettingsViewController.swift; sourceTree = "<group>"; };
/* End PBXFileReference section */

/* Begin PBXFrameworksBuildPhase section */
		DD7FC1BB29510BFA0089C18B /* Frameworks */ = {
			isa = PBXFrameworksBuildPhase;
			buildActionMask = 2147483647;
			files = (
			);
			runOnlyForDeploymentPostprocessing = 0;
		};
/* End PBXFrameworksBuildPhase section */

/* Begin PBXGroup section */
		DD7FC1B529510BFA0089C18B = {
			isa = PBXGroup;
			children = (
				DD7FC1C029510BFA0089C18B /* NBAScores */,
				DD7FC1BF29510BFA0089C18B /* Products */,
			);
			sourceTree = "<group>";
		};
		DD7FC1BF29510BFA0089C18B /* Products */ = {
			isa = PBXGroup;
			children = (
				DD7FC1BE29510BFA0089C18B /* NBAScores.app */,
			);
			name = Products;
			sourceTree = "<group>";
		};
		DD7FC1C029510BFA0089C18B /* NBAScores */ = {
			isa = PBXGroup;
			children = (
				DD7FC1DD295F993A0089C18B /* Views */,
				DD7FC1D829551C950089C18B /* Controllers */,
				DD7FC1D529510C0E0089C18B /* Models */,
				DD7FC1C129510BFA0089C18B /* AppDelegate.swift */,
				DD7FC1C329510BFA0089C18B /* SceneDelegate.swift */,
				DD7FC1CA29510BFB0089C18B /* Assets.xcassets */,
				DD7FC1CC29510BFB0089C18B /* LaunchScreen.storyboard */,
				DD7FC1CF29510BFB0089C18B /* Info.plist */,
			);
			path = NBAScores;
			sourceTree = "<group>";
		};
		DD7FC1D529510C0E0089C18B /* Models */ = {
			isa = PBXGroup;
			children = (
				DD7FC1D629510CD10089C18B /* GameByDate.swift */,
				DD7FC1DB29560DCB0089C18B /* Standings.swift */,
			);
			path = Models;
			sourceTree = "<group>";
		};
		DD7FC1D829551C950089C18B /* Controllers */ = {
			isa = PBXGroup;
			children = (
				DD7FC1DE295FD2040089C18B /* Core */,
			);
			path = Controllers;
			sourceTree = "<group>";
		};
		DD7FC1DD295F993A0089C18B /* Views */ = {
			isa = PBXGroup;
			children = (
			);
			path = Views;
			sourceTree = "<group>";
		};
		DD7FC1DE295FD2040089C18B /* Core */ = {
			isa = PBXGroup;
			children = (
				DD7FC1C529510BFA0089C18B /* NSTabViewController.swift */,
				DD7FC1DF295FD30B0089C18B /* NSGameByDateViewController.swift */,
				DD7FC1E1295FD31E0089C18B /* NSStandingsViewController.swift */,
				DD7FC1E3295FD3350089C18B /* NSSettingsViewController.swift */,
			);
			path = Core;
			sourceTree = "<group>";
		};
/* End PBXGroup section */

/* Begin PBXNativeTarget section */
		DD7FC1BD29510BFA0089C18B /* NBAScores */ = {
			isa = PBXNativeTarget;
			buildConfigurationList = DD7FC1D229510BFB0089C18B /* Build configuration list for PBXNativeTarget "NBAScores" */;
			buildPhases = (
				DD7FC1BA29510BFA0089C18B /* Sources */,
				DD7FC1BB29510BFA0089C18B /* Frameworks */,
				DD7FC1BC29510BFA0089C18B /* Resources */,
			);
			buildRules = (
			);
			dependencies = (
			);
			name = NBAScores;
			productName = NBAScores;
			productReference = DD7FC1BE29510BFA0089C18B /* NBAScores.app */;
			productType = "com.apple.product-type.application";
		};
/* End PBXNativeTarget section */

/* Begin PBXProject section */
		DD7FC1B629510BFA0089C18B /* Project object */ = {
			isa = PBXProject;
			attributes = {
				BuildIndependentTargetsInParallel = 1;
				LastSwiftUpdateCheck = 1410;
				LastUpgradeCheck = 1410;
				TargetAttributes = {
					DD7FC1BD29510BFA0089C18B = {
						CreatedOnToolsVersion = 14.1;
					};
				};
			};
			buildConfigurationList = DD7FC1B929510BFA0089C18B /* Build configuration list for PBXProject "NBAScores" */;
			compatibilityVersion = "Xcode 14.0";
			developmentRegion = en;
			hasScannedForEncodings = 0;
			knownRegions = (
				en,
				Base,
			);
			mainGroup = DD7FC1B529510BFA0089C18B;
			productRefGroup = DD7FC1BF29510BFA0089C18B /* Products */;
			projectDirPath = "";
			projectRoot = "";
			targets = (
				DD7FC1BD29510BFA0089C18B /* NBAScores */,
			);
		};
/* End PBXProject section */

/* Begin PBXResourcesBuildPhase section */
		DD7FC1BC29510BFA0089C18B /* Resources */ = {
			isa = PBXResourcesBuildPhase;
			buildActionMask = 2147483647;
			files = (
				DD7FC1CE29510BFB0089C18B /* LaunchScreen.storyboard in Resources */,
				DD7FC1CB29510BFB0089C18B /* Assets.xcassets in Resources */,
			);
			runOnlyForDeploymentPostprocessing = 0;
		};
/* End PBXResourcesBuildPhase section */

/* Begin PBXSourcesBuildPhase section */
		DD7FC1BA29510BFA0089C18B /* Sources */ = {
			isa = PBXSourcesBuildPhase;
			buildActionMask = 2147483647;
			files = (
				DD7FC1C629510BFA0089C18B /* NSTabViewController.swift in Sources */,
				DD7FC1C229510BFA0089C18B /* AppDelegate.swift in Sources */,
				DD7FC1E4295FD3350089C18B /* NSSettingsViewController.swift in Sources */,
				DD7FC1D729510CD10089C18B /* GameByDate.swift in Sources */,
				DD7FC1DC29560DCB0089C18B /* Standings.swift in Sources */,
				DD7FC1E0295FD30B0089C18B /* NSGameByDateViewController.swift in Sources */,
				DD7FC1C429510BFA0089C18B /* SceneDelegate.swift in Sources */,
				DD7FC1E2295FD31E0089C18B /* NSStandingsViewController.swift in Sources */,
			);
			runOnlyForDeploymentPostprocessing = 0;
		};
/* End PBXSourcesBuildPhase section */

/* Begin PBXVariantGroup section */
		DD7FC1CC29510BFB0089C18B /* LaunchScreen.storyboard */ = {
			isa = PBXVariantGroup;
			children = (
				DD7FC1CD29510BFB0089C18B /* Base */,
			);
			name = LaunchScreen.storyboard;
			sourceTree = "<group>";
		};
/* End PBXVariantGroup section */

/* Begin XCBuildConfiguration section */
		DD7FC1D029510BFB0089C18B /* Debug */ = {
			isa = XCBuildConfiguration;
			buildSettings = {
				ALWAYS_SEARCH_USER_PATHS = NO;
				CLANG_ANALYZER_NONNULL = YES;
				CLANG_ANALYZER_NUMBER_OBJECT_CONVERSION = YES_AGGRESSIVE;
				CLANG_CXX_LANGUAGE_STANDARD = "gnu++20";
				CLANG_ENABLE_MODULES = YES;
				CLANG_ENABLE_OBJC_ARC = YES;
				CLANG_ENABLE_OBJC_WEAK = YES;
				CLANG_WARN_BLOCK_CAPTURE_AUTORELEASING = YES;
				CLANG_WARN_BOOL_CONVERSION = YES;
				CLANG_WARN_COMMA = YES;
				CLANG_WARN_CONSTANT_CONVERSION = YES;
				CLANG_WARN_DEPRECATED_OBJC_IMPLEMENTATIONS = YES;
				CLANG_WARN_DIRECT_OBJC_ISA_USAGE = YES_ERROR;
				CLANG_WARN_DOCUMENTATION_COMMENTS = YES;
				CLANG_WARN_EMPTY_BODY = YES;
				CLANG_WARN_ENUM_CONVERSION = YES;
				CLANG_WARN_INFINITE_RECURSION = YES;
				CLANG_WARN_INT_CONVERSION = YES;
				CLANG_WARN_NON_LITERAL_NULL_CONVERSION = YES;
				CLANG_WARN_OBJC_IMPLICIT_RETAIN_SELF = YES;
				CLANG_WARN_OBJC_LITERAL_CONVERSION = YES;
				CLANG_WARN_OBJC_ROOT_CLASS = YES_ERROR;
				CLANG_WARN_QUOTED_INCLUDE_IN_FRAMEWORK_HEADER = YES;
				CLANG_WARN_RANGE_LOOP_ANALYSIS = YES;
				CLANG_WARN_STRICT_PROTOTYPES = YES;
				CLANG_WARN_SUSPICIOUS_MOVE = YES;
				CLANG_WARN_UNGUARDED_AVAILABILITY = YES_AGGRESSIVE;
				CLANG_WARN_UNREACHABLE_CODE = YES;
				CLANG_WARN__DUPLICATE_METHOD_MATCH = YES;
				COPY_PHASE_STRIP = NO;
				DEBUG_INFORMATION_FORMAT = dwarf;
				ENABLE_STRICT_OBJC_MSGSEND = YES;
				ENABLE_TESTABILITY = YES;
				GCC_C_LANGUAGE_STANDARD = gnu11;
				GCC_DYNAMIC_NO_PIC = NO;
				GCC_NO_COMMON_BLOCKS = YES;
				GCC_OPTIMIZATION_LEVEL = 0;
				GCC_PREPROCESSOR_DEFINITIONS = (
					"DEBUG=1",
					"$(inherited)",
				);
				GCC_WARN_64_TO_32_BIT_CONVERSION = YES;
				GCC_WARN_ABOUT_RETURN_TYPE = YES_ERROR;
				GCC_WARN_UNDECLARED_SELECTOR = YES;
				GCC_WARN_UNINITIALIZED_AUTOS = YES_AGGRESSIVE;
				GCC_WARN_UNUSED_FUNCTION = YES;
				GCC_WARN_UNUSED_VARIABLE = YES;
				IPHONEOS_DEPLOYMENT_TARGET = 16.1;
				MTL_ENABLE_DEBUG_INFO = INCLUDE_SOURCE;
				MTL_FAST_MATH = YES;
				ONLY_ACTIVE_ARCH = YES;
				SDKROOT = iphoneos;
				SWIFT_ACTIVE_COMPILATION_CONDITIONS = DEBUG;
				SWIFT_OPTIMIZATION_LEVEL = "-Onone";
			};
			name = Debug;
		};
		DD7FC1D129510BFB0089C18B /* Release */ = {
			isa = XCBuildConfiguration;
			buildSettings = {
				ALWAYS_SEARCH_USER_PATHS = NO;
				CLANG_ANALYZER_NONNULL = YES;
				CLANG_ANALYZER_NUMBER_OBJECT_CONVERSION = YES_AGGRESSIVE;
				CLANG_CXX_LANGUAGE_STANDARD = "gnu++20";
				CLANG_ENABLE_MODULES = YES;
				CLANG_ENABLE_OBJC_ARC = YES;
				CLANG_ENABLE_OBJC_WEAK = YES;
				CLANG_WARN_BLOCK_CAPTURE_AUTORELEASING = YES;
				CLANG_WARN_BOOL_CONVERSION = YES;
				CLANG_WARN_COMMA = YES;
				CLANG_WARN_CONSTANT_CONVERSION = YES;
				CLANG_WARN_DEPRECATED_OBJC_IMPLEMENTATIONS = YES;
				CLANG_WARN_DIRECT_OBJC_ISA_USAGE = YES_ERROR;
				CLANG_WARN_DOCUMENTATION_COMMENTS = YES;
				CLANG_WARN_EMPTY_BODY = YES;
				CLANG_WARN_ENUM_CONVERSION = YES;
				CLANG_WARN_INFINITE_RECURSION = YES;
				CLANG_WARN_INT_CONVERSION = YES;
				CLANG_WARN_NON_LITERAL_NULL_CONVERSION = YES;
				CLANG_WARN_OBJC_IMPLICIT_RETAIN_SELF = YES;
				CLANG_WARN_OBJC_LITERAL_CONVERSION = YES;
				CLANG_WARN_OBJC_ROOT_CLASS = YES_ERROR;
				CLANG_WARN_QUOTED_INCLUDE_IN_FRAMEWORK_HEADER = YES;
				CLANG_WARN_RANGE_LOOP_ANALYSIS = YES;
				CLANG_WARN_STRICT_PROTOTYPES = YES;
				CLANG_WARN_SUSPICIOUS_MOVE = YES;
				CLANG_WARN_UNGUARDED_AVAILABILITY = YES_AGGRESSIVE;
				CLANG_WARN_UNREACHABLE_CODE = YES;
				CLANG_WARN__DUPLICATE_METHOD_MATCH = YES;
				COPY_PHASE_STRIP = NO;
				DEBUG_INFORMATION_FORMAT = "dwarf-with-dsym";
				ENABLE_NS_ASSERTIONS = NO;
				ENABLE_STRICT_OBJC_MSGSEND = YES;
				GCC_C_LANGUAGE_STANDARD = gnu11;
				GCC_NO_COMMON_BLOCKS = YES;
				GCC_WARN_64_TO_32_BIT_CONVERSION = YES;
				GCC_WARN_ABOUT_RETURN_TYPE = YES_ERROR;
				GCC_WARN_UNDECLARED_SELECTOR = YES;
				GCC_WARN_UNINITIALIZED_AUTOS = YES_AGGRESSIVE;
				GCC_WARN_UNUSED_FUNCTION = YES;
				GCC_WARN_UNUSED_VARIABLE = YES;
				IPHONEOS_DEPLOYMENT_TARGET = 16.1;
				MTL_ENABLE_DEBUG_INFO = NO;
				MTL_FAST_MATH = YES;
				SDKROOT = iphoneos;
				SWIFT_COMPILATION_MODE = wholemodule;
				SWIFT_OPTIMIZATION_LEVEL = "-O";
				VALIDATE_PRODUCT = YES;
			};
			name = Release;
		};
		DD7FC1D329510BFB0089C18B /* Debug */ = {
			isa = XCBuildConfiguration;
			buildSettings = {
				ASSETCATALOG_COMPILER_APPICON_NAME = AppIcon;
				ASSETCATALOG_COMPILER_GLOBAL_ACCENT_COLOR_NAME = AccentColor;
				CODE_SIGN_STYLE = Automatic;
				CURRENT_PROJECT_VERSION = 1;
				DEVELOPMENT_TEAM = 72KXAXLJNL;
				GENERATE_INFOPLIST_FILE = YES;
				INFOPLIST_FILE = NBAScores/Info.plist;
				INFOPLIST_KEY_UIApplicationSupportsIndirectInputEvents = YES;
				INFOPLIST_KEY_UILaunchStoryboardName = LaunchScreen;
				INFOPLIST_KEY_UISupportedInterfaceOrientations_iPad = "UIInterfaceOrientationPortrait UIInterfaceOrientationPortraitUpsideDown UIInterfaceOrientationLandscapeLeft UIInterfaceOrientationLandscapeRight";
				INFOPLIST_KEY_UISupportedInterfaceOrientations_iPhone = "UIInterfaceOrientationPortrait UIInterfaceOrientationLandscapeLeft UIInterfaceOrientationLandscapeRight";
				LD_RUNPATH_SEARCH_PATHS = (
					"$(inherited)",
					"@executable_path/Frameworks",
				);
				MARKETING_VERSION = 1.0;
				PRODUCT_BUNDLE_IDENTIFIER = com.akpham.NBAScores;
				PRODUCT_NAME = "$(TARGET_NAME)";
				SWIFT_EMIT_LOC_STRINGS = YES;
				SWIFT_VERSION = 5.0;
				TARGETED_DEVICE_FAMILY = "1,2";
			};
			name = Debug;
		};
		DD7FC1D429510BFB0089C18B /* Release */ = {
			isa = XCBuildConfiguration;
			buildSettings = {
				ASSETCATALOG_COMPILER_APPICON_NAME = AppIcon;
				ASSETCATALOG_COMPILER_GLOBAL_ACCENT_COLOR_NAME = AccentColor;
				CODE_SIGN_STYLE = Automatic;
				CURRENT_PROJECT_VERSION = 1;
				DEVELOPMENT_TEAM = 72KXAXLJNL;
				GENERATE_INFOPLIST_FILE = YES;
				INFOPLIST_FILE = NBAScores/Info.plist;
				INFOPLIST_KEY_UIApplicationSupportsIndirectInputEvents = YES;
				INFOPLIST_KEY_UILaunchStoryboardName = LaunchScreen;
				INFOPLIST_KEY_UISupportedInterfaceOrientations_iPad = "UIInterfaceOrientationPortrait UIInterfaceOrientationPortraitUpsideDown UIInterfaceOrientationLandscapeLeft UIInterfaceOrientationLandscapeRight";
				INFOPLIST_KEY_UISupportedInterfaceOrientations_iPhone = "UIInterfaceOrientationPortrait UIInterfaceOrientationLandscapeLeft UIInterfaceOrientationLandscapeRight";
				LD_RUNPATH_SEARCH_PATHS = (
					"$(inherited)",
					"@executable_path/Frameworks",
				);
				MARKETING_VERSION = 1.0;
				PRODUCT_BUNDLE_IDENTIFIER = com.akpham.NBAScores;
				PRODUCT_NAME = "$(TARGET_NAME)";
				SWIFT_EMIT_LOC_STRINGS = YES;
				SWIFT_VERSION = 5.0;
				TARGETED_DEVICE_FAMILY = "1,2";
			};
			name = Release;
		};
/* End XCBuildConfiguration section */

/* Begin XCConfigurationList section */
		DD7FC1B929510BFA0089C18B /* Build configuration list for PBXProject "NBAScores" */ = {
			isa = XCConfigurationList;
			buildConfigurations = (
				DD7FC1D029510BFB0089C18B /* Debug */,
				DD7FC1D129510BFB0089C18B /* Release */,
			);
			defaultConfigurationIsVisible = 0;
			defaultConfigurationName = Release;
		};
		DD7FC1D229510BFB0089C18B /* Build configuration list for PBXNativeTarget "NBAScores" */ = {
			isa = XCConfigurationList;
			buildConfigurations = (
				DD7FC1D329510BFB0089C18B /* Debug */,
				DD7FC1D429510BFB0089C18B /* Release */,
			);
			defaultConfigurationIsVisible = 0;
			defaultConfigurationName = Release;
		};
/* End XCConfigurationList section */
	};
	rootObject = DD7FC1B629510BFA0089C18B /* Project object */;
}
